// !$*UTF8*$!
{
	archiveVersion = 1;
	classes = {
	};
	objectVersion = 46;
	objects = {

/* Begin PBXBuildFile section */
		6783B776323D88545A6FE63A /* Pods_WDSocialSDKExample.framework in Frameworks */ = {isa = PBXBuildFile; fileRef = E46670134F297372951927E3 /* Pods_WDSocialSDKExample.framework */; };
		B6326C5C1F1DA84D0074EA46 /* WDSocialSDK.h in Headers */ = {isa = PBXBuildFile; fileRef = B6326C5A1F1DA84D0074EA46 /* WDSocialSDK.h */; settings = {ATTRIBUTES = (Public, ); }; };
		B6326C641F1DA86D0074EA46 /* WDSocialManager.h in Headers */ = {isa = PBXBuildFile; fileRef = B6326C621F1DA86D0074EA46 /* WDSocialManager.h */; };
		B6326C651F1DA86D0074EA46 /* WDSocialManager.m in Sources */ = {isa = PBXBuildFile; fileRef = B6326C631F1DA86D0074EA46 /* WDSocialManager.m */; };
		B6326C711F1DA8C20074EA46 /* main.m in Sources */ = {isa = PBXBuildFile; fileRef = B6326C701F1DA8C20074EA46 /* main.m */; };
		B6326C741F1DA8C20074EA46 /* AppDelegate.m in Sources */ = {isa = PBXBuildFile; fileRef = B6326C731F1DA8C20074EA46 /* AppDelegate.m */; };
		B6326C771F1DA8C20074EA46 /* ViewController.m in Sources */ = {isa = PBXBuildFile; fileRef = B6326C761F1DA8C20074EA46 /* ViewController.m */; };
		B6326C7A1F1DA8C20074EA46 /* Main.storyboard in Resources */ = {isa = PBXBuildFile; fileRef = B6326C781F1DA8C20074EA46 /* Main.storyboard */; };
		B6326C7C1F1DA8C20074EA46 /* Assets.xcassets in Resources */ = {isa = PBXBuildFile; fileRef = B6326C7B1F1DA8C20074EA46 /* Assets.xcassets */; };
		B6326C7F1F1DA8C20074EA46 /* LaunchScreen.storyboard in Resources */ = {isa = PBXBuildFile; fileRef = B6326C7D1F1DA8C20074EA46 /* LaunchScreen.storyboard */; };
		B6326C851F1DBBDE0074EA46 /* Security.framework in Frameworks */ = {isa = PBXBuildFile; fileRef = B6326C841F1DBBDE0074EA46 /* Security.framework */; };
		B6326C871F1DBBEC0074EA46 /* libiconv.tbd in Frameworks */ = {isa = PBXBuildFile; fileRef = B6326C861F1DBBEC0074EA46 /* libiconv.tbd */; };
		B6326C891F1DBBF30074EA46 /* SystemConfiguration.framework in Frameworks */ = {isa = PBXBuildFile; fileRef = B6326C881F1DBBF30074EA46 /* SystemConfiguration.framework */; };
		B6326C8B1F1DBBFA0074EA46 /* CoreGraphics.framework in Frameworks */ = {isa = PBXBuildFile; fileRef = B6326C8A1F1DBBFA0074EA46 /* CoreGraphics.framework */; };
		B6326C8D1F1DBC010074EA46 /* libsqlite3.tbd in Frameworks */ = {isa = PBXBuildFile; fileRef = B6326C8C1F1DBC010074EA46 /* libsqlite3.tbd */; };
		B6326C8F1F1DBC070074EA46 /* CoreTelephony.framework in Frameworks */ = {isa = PBXBuildFile; fileRef = B6326C8E1F1DBC070074EA46 /* CoreTelephony.framework */; };
		B6326C911F1DBC120074EA46 /* libstdc++.tbd in Frameworks */ = {isa = PBXBuildFile; fileRef = B6326C901F1DBC120074EA46 /* libstdc++.tbd */; };
		B6326C931F1DBC1C0074EA46 /* libz.tbd in Frameworks */ = {isa = PBXBuildFile; fileRef = B6326C921F1DBC1C0074EA46 /* libz.tbd */; };
		B6326CB11F1DEE030074EA46 /* TencentOpenAPI.framework in Frameworks */ = {isa = PBXBuildFile; fileRef = B6326CA31F1DEE030074EA46 /* TencentOpenAPI.framework */; };
		B6326CB21F1DEE030074EA46 /* libWeChatSDK.a in Frameworks */ = {isa = PBXBuildFile; fileRef = B6326CA51F1DEE030074EA46 /* libWeChatSDK.a */; };
		B6326CB31F1DEE030074EA46 /* README.txt in Resources */ = {isa = PBXBuildFile; fileRef = B6326CA61F1DEE030074EA46 /* README.txt */; };
		B6326CB41F1DEE030074EA46 /* WechatAuthSDK.h in Headers */ = {isa = PBXBuildFile; fileRef = B6326CA71F1DEE030074EA46 /* WechatAuthSDK.h */; };
		B6326CB51F1DEE030074EA46 /* WXApi.h in Headers */ = {isa = PBXBuildFile; fileRef = B6326CA81F1DEE030074EA46 /* WXApi.h */; };
		B6326CB61F1DEE030074EA46 /* WXApiObject.h in Headers */ = {isa = PBXBuildFile; fileRef = B6326CA91F1DEE030074EA46 /* WXApiObject.h */; };
		B6326CB71F1DEE030074EA46 /* libWeiboSDK.a in Frameworks */ = {isa = PBXBuildFile; fileRef = B6326CAB1F1DEE030074EA46 /* libWeiboSDK.a */; };
		B6326CB81F1DEE030074EA46 /* WBHttpRequest+WeiboToken.h in Headers */ = {isa = PBXBuildFile; fileRef = B6326CAC1F1DEE030074EA46 /* WBHttpRequest+WeiboToken.h */; };
		B6326CB91F1DEE030074EA46 /* WBHttpRequest.h in Headers */ = {isa = PBXBuildFile; fileRef = B6326CAD1F1DEE030074EA46 /* WBHttpRequest.h */; };
		B6326CBA1F1DEE030074EA46 /* WeiboSDK+Statistics.h in Headers */ = {isa = PBXBuildFile; fileRef = B6326CAE1F1DEE030074EA46 /* WeiboSDK+Statistics.h */; };
		B6326CBB1F1DEE030074EA46 /* WeiboSDK.bundle in Resources */ = {isa = PBXBuildFile; fileRef = B6326CAF1F1DEE030074EA46 /* WeiboSDK.bundle */; };
		B6326CBC1F1DEE030074EA46 /* WeiboSDK.h in Headers */ = {isa = PBXBuildFile; fileRef = B6326CB01F1DEE030074EA46 /* WeiboSDK.h */; };
		F3B6C2DA1E4925CA75DCAAAC /* Pods_WDSocialSDK.framework in Frameworks */ = {isa = PBXBuildFile; fileRef = 4BC050CAEF7D9A248A7FF689 /* Pods_WDSocialSDK.framework */; };
/* End PBXBuildFile section */

/* Begin PBXFileReference section */
		0D218CD2F61E68EAC253FC86 /* Pods-WDSocialSDKExample.release.xcconfig */ = {isa = PBXFileReference; includeInIndex = 1; lastKnownFileType = text.xcconfig; name = "Pods-WDSocialSDKExample.release.xcconfig"; path = "Pods/Target Support Files/Pods-WDSocialSDKExample/Pods-WDSocialSDKExample.release.xcconfig"; sourceTree = "<group>"; };
		4BC050CAEF7D9A248A7FF689 /* Pods_WDSocialSDK.framework */ = {isa = PBXFileReference; explicitFileType = wrapper.framework; includeInIndex = 0; path = Pods_WDSocialSDK.framework; sourceTree = BUILT_PRODUCTS_DIR; };
		5EDEAF64074E0785D98E3025 /* Pods-WDSocialSDKExample.debug.xcconfig */ = {isa = PBXFileReference; includeInIndex = 1; lastKnownFileType = text.xcconfig; name = "Pods-WDSocialSDKExample.debug.xcconfig"; path = "Pods/Target Support Files/Pods-WDSocialSDKExample/Pods-WDSocialSDKExample.debug.xcconfig"; sourceTree = "<group>"; };
		71D77CCA16F998A8C5FB5BDA /* Pods-WDSocialSDK.release.xcconfig */ = {isa = PBXFileReference; includeInIndex = 1; lastKnownFileType = text.xcconfig; name = "Pods-WDSocialSDK.release.xcconfig"; path = "Pods/Target Support Files/Pods-WDSocialSDK/Pods-WDSocialSDK.release.xcconfig"; sourceTree = "<group>"; };
		AE23BB1238283B918D375977 /* Pods-WDSocialSDK.debug.xcconfig */ = {isa = PBXFileReference; includeInIndex = 1; lastKnownFileType = text.xcconfig; name = "Pods-WDSocialSDK.debug.xcconfig"; path = "Pods/Target Support Files/Pods-WDSocialSDK/Pods-WDSocialSDK.debug.xcconfig"; sourceTree = "<group>"; };
		B6326C571F1DA84D0074EA46 /* WDSocialSDK.framework */ = {isa = PBXFileReference; explicitFileType = wrapper.framework; includeInIndex = 0; path = WDSocialSDK.framework; sourceTree = BUILT_PRODUCTS_DIR; };
		B6326C5A1F1DA84D0074EA46 /* WDSocialSDK.h */ = {isa = PBXFileReference; lastKnownFileType = sourcecode.c.h; path = WDSocialSDK.h; sourceTree = "<group>"; };
		B6326C5B1F1DA84D0074EA46 /* Info.plist */ = {isa = PBXFileReference; lastKnownFileType = text.plist.xml; path = Info.plist; sourceTree = "<group>"; };
		B6326C621F1DA86D0074EA46 /* WDSocialManager.h */ = {isa = PBXFileReference; fileEncoding = 4; lastKnownFileType = sourcecode.c.h; path = WDSocialManager.h; sourceTree = "<group>"; };
		B6326C631F1DA86D0074EA46 /* WDSocialManager.m */ = {isa = PBXFileReference; fileEncoding = 4; lastKnownFileType = sourcecode.c.objc; path = WDSocialManager.m; sourceTree = "<group>"; };
		B6326C6D1F1DA8C20074EA46 /* WDSocialSDKExample.app */ = {isa = PBXFileReference; explicitFileType = wrapper.application; includeInIndex = 0; path = WDSocialSDKExample.app; sourceTree = BUILT_PRODUCTS_DIR; };
		B6326C701F1DA8C20074EA46 /* main.m */ = {isa = PBXFileReference; lastKnownFileType = sourcecode.c.objc; path = main.m; sourceTree = "<group>"; };
		B6326C721F1DA8C20074EA46 /* AppDelegate.h */ = {isa = PBXFileReference; lastKnownFileType = sourcecode.c.h; path = AppDelegate.h; sourceTree = "<group>"; };
		B6326C731F1DA8C20074EA46 /* AppDelegate.m */ = {isa = PBXFileReference; lastKnownFileType = sourcecode.c.objc; path = AppDelegate.m; sourceTree = "<group>"; };
		B6326C751F1DA8C20074EA46 /* ViewController.h */ = {isa = PBXFileReference; lastKnownFileType = sourcecode.c.h; path = ViewController.h; sourceTree = "<group>"; };
		B6326C761F1DA8C20074EA46 /* ViewController.m */ = {isa = PBXFileReference; lastKnownFileType = sourcecode.c.objc; path = ViewController.m; sourceTree = "<group>"; };
		B6326C791F1DA8C20074EA46 /* Base */ = {isa = PBXFileReference; lastKnownFileType = file.storyboard; name = Base; path = Base.lproj/Main.storyboard; sourceTree = "<group>"; };
		B6326C7B1F1DA8C20074EA46 /* Assets.xcassets */ = {isa = PBXFileReference; lastKnownFileType = folder.assetcatalog; path = Assets.xcassets; sourceTree = "<group>"; };
		B6326C7E1F1DA8C20074EA46 /* Base */ = {isa = PBXFileReference; lastKnownFileType = file.storyboard; name = Base; path = Base.lproj/LaunchScreen.storyboard; sourceTree = "<group>"; };
		B6326C801F1DA8C20074EA46 /* Info.plist */ = {isa = PBXFileReference; lastKnownFileType = text.plist.xml; path = Info.plist; sourceTree = "<group>"; };
		B6326C841F1DBBDE0074EA46 /* Security.framework */ = {isa = PBXFileReference; lastKnownFileType = wrapper.framework; name = Security.framework; path = System/Library/Frameworks/Security.framework; sourceTree = SDKROOT; };
		B6326C861F1DBBEC0074EA46 /* libiconv.tbd */ = {isa = PBXFileReference; lastKnownFileType = "sourcecode.text-based-dylib-definition"; name = libiconv.tbd; path = usr/lib/libiconv.tbd; sourceTree = SDKROOT; };
		B6326C881F1DBBF30074EA46 /* SystemConfiguration.framework */ = {isa = PBXFileReference; lastKnownFileType = wrapper.framework; name = SystemConfiguration.framework; path = System/Library/Frameworks/SystemConfiguration.framework; sourceTree = SDKROOT; };
		B6326C8A1F1DBBFA0074EA46 /* CoreGraphics.framework */ = {isa = PBXFileReference; lastKnownFileType = wrapper.framework; name = CoreGraphics.framework; path = System/Library/Frameworks/CoreGraphics.framework; sourceTree = SDKROOT; };
		B6326C8C1F1DBC010074EA46 /* libsqlite3.tbd */ = {isa = PBXFileReference; lastKnownFileType = "sourcecode.text-based-dylib-definition"; name = libsqlite3.tbd; path = usr/lib/libsqlite3.tbd; sourceTree = SDKROOT; };
		B6326C8E1F1DBC070074EA46 /* CoreTelephony.framework */ = {isa = PBXFileReference; lastKnownFileType = wrapper.framework; name = CoreTelephony.framework; path = System/Library/Frameworks/CoreTelephony.framework; sourceTree = SDKROOT; };
		B6326C901F1DBC120074EA46 /* libstdc++.tbd */ = {isa = PBXFileReference; lastKnownFileType = "sourcecode.text-based-dylib-definition"; name = "libstdc++.tbd"; path = "usr/lib/libstdc++.tbd"; sourceTree = SDKROOT; };
		B6326C921F1DBC1C0074EA46 /* libz.tbd */ = {isa = PBXFileReference; lastKnownFileType = "sourcecode.text-based-dylib-definition"; name = libz.tbd; path = usr/lib/libz.tbd; sourceTree = SDKROOT; };
		B6326CA31F1DEE030074EA46 /* TencentOpenAPI.framework */ = {isa = PBXFileReference; lastKnownFileType = wrapper.framework; path = TencentOpenAPI.framework; sourceTree = "<group>"; };
		B6326CA51F1DEE030074EA46 /* libWeChatSDK.a */ = {isa = PBXFileReference; lastKnownFileType = archive.ar; path = libWeChatSDK.a; sourceTree = "<group>"; };
		B6326CA61F1DEE030074EA46 /* README.txt */ = {isa = PBXFileReference; fileEncoding = 4; lastKnownFileType = text; path = README.txt; sourceTree = "<group>"; };
		B6326CA71F1DEE030074EA46 /* WechatAuthSDK.h */ = {isa = PBXFileReference; fileEncoding = 4; lastKnownFileType = sourcecode.c.h; path = WechatAuthSDK.h; sourceTree = "<group>"; };
		B6326CA81F1DEE030074EA46 /* WXApi.h */ = {isa = PBXFileReference; fileEncoding = 4; lastKnownFileType = sourcecode.c.h; path = WXApi.h; sourceTree = "<group>"; };
		B6326CA91F1DEE030074EA46 /* WXApiObject.h */ = {isa = PBXFileReference; fileEncoding = 4; lastKnownFileType = sourcecode.c.h; path = WXApiObject.h; sourceTree = "<group>"; };
		B6326CAB1F1DEE030074EA46 /* libWeiboSDK.a */ = {isa = PBXFileReference; lastKnownFileType = archive.ar; path = libWeiboSDK.a; sourceTree = "<group>"; };
		B6326CAC1F1DEE030074EA46 /* WBHttpRequest+WeiboToken.h */ = {isa = PBXFileReference; fileEncoding = 4; lastKnownFileType = sourcecode.c.h; path = "WBHttpRequest+WeiboToken.h"; sourceTree = "<group>"; };
		B6326CAD1F1DEE030074EA46 /* WBHttpRequest.h */ = {isa = PBXFileReference; fileEncoding = 4; lastKnownFileType = sourcecode.c.h; path = WBHttpRequest.h; sourceTree = "<group>"; };
		B6326CAE1F1DEE030074EA46 /* WeiboSDK+Statistics.h */ = {isa = PBXFileReference; fileEncoding = 4; lastKnownFileType = sourcecode.c.h; path = "WeiboSDK+Statistics.h"; sourceTree = "<group>"; };
		B6326CAF1F1DEE030074EA46 /* WeiboSDK.bundle */ = {isa = PBXFileReference; lastKnownFileType = "wrapper.plug-in"; path = WeiboSDK.bundle; sourceTree = "<group>"; };
		B6326CB01F1DEE030074EA46 /* WeiboSDK.h */ = {isa = PBXFileReference; fileEncoding = 4; lastKnownFileType = sourcecode.c.h; path = WeiboSDK.h; sourceTree = "<group>"; };
		E46670134F297372951927E3 /* Pods_WDSocialSDKExample.framework */ = {isa = PBXFileReference; explicitFileType = wrapper.framework; includeInIndex = 0; path = Pods_WDSocialSDKExample.framework; sourceTree = BUILT_PRODUCTS_DIR; };
/* End PBXFileReference section */

/* Begin PBXFrameworksBuildPhase section */
		B6326C531F1DA84D0074EA46 /* Frameworks */ = {
			isa = PBXFrameworksBuildPhase;
			buildActionMask = 2147483647;
			files = (
				B6326C931F1DBC1C0074EA46 /* libz.tbd in Frameworks */,
				B6326C911F1DBC120074EA46 /* libstdc++.tbd in Frameworks */,
				B6326C8F1F1DBC070074EA46 /* CoreTelephony.framework in Frameworks */,
				B6326C8D1F1DBC010074EA46 /* libsqlite3.tbd in Frameworks */,
				B6326C8B1F1DBBFA0074EA46 /* CoreGraphics.framework in Frameworks */,
				B6326CB21F1DEE030074EA46 /* libWeChatSDK.a in Frameworks */,
				B6326CB11F1DEE030074EA46 /* TencentOpenAPI.framework in Frameworks */,
				B6326CB71F1DEE030074EA46 /* libWeiboSDK.a in Frameworks */,
				B6326C891F1DBBF30074EA46 /* SystemConfiguration.framework in Frameworks */,
				B6326C871F1DBBEC0074EA46 /* libiconv.tbd in Frameworks */,
				B6326C851F1DBBDE0074EA46 /* Security.framework in Frameworks */,
				F3B6C2DA1E4925CA75DCAAAC /* Pods_WDSocialSDK.framework in Frameworks */,
			);
			runOnlyForDeploymentPostprocessing = 0;
		};
		B6326C6A1F1DA8C20074EA46 /* Frameworks */ = {
			isa = PBXFrameworksBuildPhase;
			buildActionMask = 2147483647;
			files = (
				6783B776323D88545A6FE63A /* Pods_WDSocialSDKExample.framework in Frameworks */,
			);
			runOnlyForDeploymentPostprocessing = 0;
		};
/* End PBXFrameworksBuildPhase section */

/* Begin PBXGroup section */
		4B7752D1533D137E9E01C997 /* Frameworks */ = {
			isa = PBXGroup;
			children = (
				B6326C921F1DBC1C0074EA46 /* libz.tbd */,
				B6326C901F1DBC120074EA46 /* libstdc++.tbd */,
				B6326C8E1F1DBC070074EA46 /* CoreTelephony.framework */,
				B6326C8C1F1DBC010074EA46 /* libsqlite3.tbd */,
				B6326C8A1F1DBBFA0074EA46 /* CoreGraphics.framework */,
				B6326C881F1DBBF30074EA46 /* SystemConfiguration.framework */,
				B6326C861F1DBBEC0074EA46 /* libiconv.tbd */,
				B6326C841F1DBBDE0074EA46 /* Security.framework */,
				4BC050CAEF7D9A248A7FF689 /* Pods_WDSocialSDK.framework */,
				E46670134F297372951927E3 /* Pods_WDSocialSDKExample.framework */,
			);
			name = Frameworks;
			sourceTree = "<group>";
		};
		B6326C4D1F1DA84D0074EA46 = {
			isa = PBXGroup;
			children = (
				B6326C591F1DA84D0074EA46 /* WDSocialSDK */,
				B6326C6E1F1DA8C20074EA46 /* WDSocialSDKExample */,
				B6326C581F1DA84D0074EA46 /* Products */,
				E2D0BB66D548732D629F8B41 /* Pods */,
				4B7752D1533D137E9E01C997 /* Frameworks */,
			);
			sourceTree = "<group>";
		};
		B6326C581F1DA84D0074EA46 /* Products */ = {
			isa = PBXGroup;
			children = (
				B6326C571F1DA84D0074EA46 /* WDSocialSDK.framework */,
				B6326C6D1F1DA8C20074EA46 /* WDSocialSDKExample.app */,
			);
			name = Products;
			sourceTree = "<group>";
		};
		B6326C591F1DA84D0074EA46 /* WDSocialSDK */ = {
			isa = PBXGroup;
			children = (
				B6326CA11F1DEE030074EA46 /* SDK */,
				B6326C5A1F1DA84D0074EA46 /* WDSocialSDK.h */,
				B6326C621F1DA86D0074EA46 /* WDSocialManager.h */,
				B6326C631F1DA86D0074EA46 /* WDSocialManager.m */,
				B6326C5B1F1DA84D0074EA46 /* Info.plist */,
			);
			path = WDSocialSDK;
			sourceTree = "<group>";
		};
		B6326C6E1F1DA8C20074EA46 /* WDSocialSDKExample */ = {
			isa = PBXGroup;
			children = (
				B6326C721F1DA8C20074EA46 /* AppDelegate.h */,
				B6326C731F1DA8C20074EA46 /* AppDelegate.m */,
				B6326C751F1DA8C20074EA46 /* ViewController.h */,
				B6326C761F1DA8C20074EA46 /* ViewController.m */,
				B6326C781F1DA8C20074EA46 /* Main.storyboard */,
				B6326C7B1F1DA8C20074EA46 /* Assets.xcassets */,
				B6326C7D1F1DA8C20074EA46 /* LaunchScreen.storyboard */,
				B6326C801F1DA8C20074EA46 /* Info.plist */,
				B6326C6F1F1DA8C20074EA46 /* Supporting Files */,
			);
			path = WDSocialSDKExample;
			sourceTree = "<group>";
		};
		B6326C6F1F1DA8C20074EA46 /* Supporting Files */ = {
			isa = PBXGroup;
			children = (
				B6326C701F1DA8C20074EA46 /* main.m */,
			);
			name = "Supporting Files";
			sourceTree = "<group>";
		};
		B6326CA11F1DEE030074EA46 /* SDK */ = {
			isa = PBXGroup;
			children = (
				B6326CA21F1DEE030074EA46 /* Tencent3.2.3 */,
				B6326CA41F1DEE030074EA46 /* Wechat1.7.8 */,
				B6326CAA1F1DEE030074EA46 /* Weibo3.2.0 */,
			);
			path = SDK;
			sourceTree = "<group>";
		};
		B6326CA21F1DEE030074EA46 /* Tencent3.2.3 */ = {
			isa = PBXGroup;
			children = (
				B6326CA31F1DEE030074EA46 /* TencentOpenAPI.framework */,
			);
			path = Tencent3.2.3;
			sourceTree = "<group>";
		};
		B6326CA41F1DEE030074EA46 /* Wechat1.7.8 */ = {
			isa = PBXGroup;
			children = (
				B6326CA51F1DEE030074EA46 /* libWeChatSDK.a */,
				B6326CA61F1DEE030074EA46 /* README.txt */,
				B6326CA71F1DEE030074EA46 /* WechatAuthSDK.h */,
				B6326CA81F1DEE030074EA46 /* WXApi.h */,
				B6326CA91F1DEE030074EA46 /* WXApiObject.h */,
			);
			path = Wechat1.7.8;
			sourceTree = "<group>";
		};
		B6326CAA1F1DEE030074EA46 /* Weibo3.2.0 */ = {
			isa = PBXGroup;
			children = (
				B6326CAB1F1DEE030074EA46 /* libWeiboSDK.a */,
				B6326CAC1F1DEE030074EA46 /* WBHttpRequest+WeiboToken.h */,
				B6326CAD1F1DEE030074EA46 /* WBHttpRequest.h */,
				B6326CAE1F1DEE030074EA46 /* WeiboSDK+Statistics.h */,
				B6326CAF1F1DEE030074EA46 /* WeiboSDK.bundle */,
				B6326CB01F1DEE030074EA46 /* WeiboSDK.h */,
			);
			path = Weibo3.2.0;
			sourceTree = "<group>";
		};
		E2D0BB66D548732D629F8B41 /* Pods */ = {
			isa = PBXGroup;
			children = (
				AE23BB1238283B918D375977 /* Pods-WDSocialSDK.debug.xcconfig */,
				71D77CCA16F998A8C5FB5BDA /* Pods-WDSocialSDK.release.xcconfig */,
				5EDEAF64074E0785D98E3025 /* Pods-WDSocialSDKExample.debug.xcconfig */,
				0D218CD2F61E68EAC253FC86 /* Pods-WDSocialSDKExample.release.xcconfig */,
			);
			name = Pods;
			sourceTree = "<group>";
		};
/* End PBXGroup section */

/* Begin PBXHeadersBuildPhase section */
		B6326C541F1DA84D0074EA46 /* Headers */ = {
			isa = PBXHeadersBuildPhase;
			buildActionMask = 2147483647;
			files = (
				B6326C641F1DA86D0074EA46 /* WDSocialManager.h in Headers */,
				B6326CBA1F1DEE030074EA46 /* WeiboSDK+Statistics.h in Headers */,
				B6326C5C1F1DA84D0074EA46 /* WDSocialSDK.h in Headers */,
				B6326CB51F1DEE030074EA46 /* WXApi.h in Headers */,
				B6326CBC1F1DEE030074EA46 /* WeiboSDK.h in Headers */,
				B6326CB91F1DEE030074EA46 /* WBHttpRequest.h in Headers */,
				B6326CB41F1DEE030074EA46 /* WechatAuthSDK.h in Headers */,
				B6326CB81F1DEE030074EA46 /* WBHttpRequest+WeiboToken.h in Headers */,
				B6326CB61F1DEE030074EA46 /* WXApiObject.h in Headers */,
			);
			runOnlyForDeploymentPostprocessing = 0;
		};
/* End PBXHeadersBuildPhase section */

/* Begin PBXNativeTarget section */
		B6326C561F1DA84D0074EA46 /* WDSocialSDK */ = {
			isa = PBXNativeTarget;
			buildConfigurationList = B6326C5F1F1DA84D0074EA46 /* Build configuration list for PBXNativeTarget "WDSocialSDK" */;
			buildPhases = (
				92E348AE490928FD41204888 /* [CP] Check Pods Manifest.lock */,
				B6326C521F1DA84D0074EA46 /* Sources */,
				B6326C531F1DA84D0074EA46 /* Frameworks */,
				B6326C541F1DA84D0074EA46 /* Headers */,
				B6326C551F1DA84D0074EA46 /* Resources */,
				8108A7CF35EAEDF4875BA189 /* [CP] Copy Pods Resources */,
			);
			buildRules = (
			);
			dependencies = (
			);
			name = WDSocialSDK;
			productName = WDSocialSDK;
			productReference = B6326C571F1DA84D0074EA46 /* WDSocialSDK.framework */;
			productType = "com.apple.product-type.framework";
		};
		B6326C6C1F1DA8C20074EA46 /* WDSocialSDKExample */ = {
			isa = PBXNativeTarget;
			buildConfigurationList = B6326C811F1DA8C20074EA46 /* Build configuration list for PBXNativeTarget "WDSocialSDKExample" */;
			buildPhases = (
				54534D221D888D8D15D75193 /* [CP] Check Pods Manifest.lock */,
				B6326C691F1DA8C20074EA46 /* Sources */,
				B6326C6A1F1DA8C20074EA46 /* Frameworks */,
				B6326C6B1F1DA8C20074EA46 /* Resources */,
				ADB43E30EE77A1CEAFA2CDDF /* [CP] Embed Pods Frameworks */,
				62B77D86F4433CA1304A0A5B /* [CP] Copy Pods Resources */,
			);
			buildRules = (
			);
			dependencies = (
			);
			name = WDSocialSDKExample;
			productName = WDSocialSDKExample;
			productReference = B6326C6D1F1DA8C20074EA46 /* WDSocialSDKExample.app */;
			productType = "com.apple.product-type.application";
		};
/* End PBXNativeTarget section */

/* Begin PBXProject section */
		B6326C4E1F1DA84D0074EA46 /* Project object */ = {
			isa = PBXProject;
			attributes = {
				LastUpgradeCheck = 0830;
				ORGANIZATIONNAME = "何伟东";
				TargetAttributes = {
					B6326C561F1DA84D0074EA46 = {
						CreatedOnToolsVersion = 8.3.3;
						ProvisioningStyle = Automatic;
					};
					B6326C6C1F1DA8C20074EA46 = {
						CreatedOnToolsVersion = 8.3.3;
						ProvisioningStyle = Automatic;
					};
				};
			};
			buildConfigurationList = B6326C511F1DA84D0074EA46 /* Build configuration list for PBXProject "WDSocialSDK" */;
			compatibilityVersion = "Xcode 3.2";
			developmentRegion = English;
			hasScannedForEncodings = 0;
			knownRegions = (
				en,
				Base,
			);
			mainGroup = B6326C4D1F1DA84D0074EA46;
			productRefGroup = B6326C581F1DA84D0074EA46 /* Products */;
			projectDirPath = "";
			projectRoot = "";
			targets = (
				B6326C561F1DA84D0074EA46 /* WDSocialSDK */,
				B6326C6C1F1DA8C20074EA46 /* WDSocialSDKExample */,
			);
		};
/* End PBXProject section */

/* Begin PBXResourcesBuildPhase section */
		B6326C551F1DA84D0074EA46 /* Resources */ = {
			isa = PBXResourcesBuildPhase;
			buildActionMask = 2147483647;
			files = (
				B6326CB31F1DEE030074EA46 /* README.txt in Resources */,
				B6326CBB1F1DEE030074EA46 /* WeiboSDK.bundle in Resources */,
			);
			runOnlyForDeploymentPostprocessing = 0;
		};
		B6326C6B1F1DA8C20074EA46 /* Resources */ = {
			isa = PBXResourcesBuildPhase;
			buildActionMask = 2147483647;
			files = (
				B6326C7F1F1DA8C20074EA46 /* LaunchScreen.storyboard in Resources */,
				B6326C7C1F1DA8C20074EA46 /* Assets.xcassets in Resources */,
				B6326C7A1F1DA8C20074EA46 /* Main.storyboard in Resources */,
			);
			runOnlyForDeploymentPostprocessing = 0;
		};
/* End PBXResourcesBuildPhase section */

/* Begin PBXShellScriptBuildPhase section */
		54534D221D888D8D15D75193 /* [CP] Check Pods Manifest.lock */ = {
			isa = PBXShellScriptBuildPhase;
			buildActionMask = 2147483647;
			files = (
			);
			inputPaths = (
				"${PODS_PODFILE_DIR_PATH}/Podfile.lock",
				"${PODS_ROOT}/Manifest.lock",
			);
			name = "[CP] Check Pods Manifest.lock";
			outputPaths = (
				"$(DERIVED_FILE_DIR)/Pods-WDSocialSDKExample-checkManifestLockResult.txt",
			);
			runOnlyForDeploymentPostprocessing = 0;
			shellPath = /bin/sh;
			shellScript = "diff \"${PODS_PODFILE_DIR_PATH}/Podfile.lock\" \"${PODS_ROOT}/Manifest.lock\" > /dev/null\nif [ $? != 0 ] ; then\n    # print error to STDERR\n    echo \"error: The sandbox is not in sync with the Podfile.lock. Run 'pod install' or update your CocoaPods installation.\" >&2\n    exit 1\nfi\n# This output is used by Xcode 'outputs' to avoid re-running this script phase.\necho \"SUCCESS\" > \"${SCRIPT_OUTPUT_FILE_0}\"\n";
			showEnvVarsInLog = 0;
		};
		62B77D86F4433CA1304A0A5B /* [CP] Copy Pods Resources */ = {
			isa = PBXShellScriptBuildPhase;
			buildActionMask = 2147483647;
			files = (
			);
			inputPaths = (
				"${SRCROOT}/Pods/Target Support Files/Pods-WDSocialSDKExample/Pods-WDSocialSDKExample-resources.sh",
				"${PODS_ROOT}/WeiboSDK/libWeiboSDK/WeiboSDK.bundle",
			);
			name = "[CP] Copy Pods Resources";
			outputPaths = (
				"${TARGET_BUILD_DIR}/${UNLOCALIZED_RESOURCES_FOLDER_PATH}",
			);
			runOnlyForDeploymentPostprocessing = 0;
			shellPath = /bin/sh;
			shellScript = "\"${SRCROOT}/Pods/Target Support Files/Pods-WDSocialSDKExample/Pods-WDSocialSDKExample-resources.sh\"\n";
			showEnvVarsInLog = 0;
		};
		8108A7CF35EAEDF4875BA189 /* [CP] Copy Pods Resources */ = {
			isa = PBXShellScriptBuildPhase;
			buildActionMask = 2147483647;
			files = (
			);
			inputPaths = (
				"${SRCROOT}/Pods/Target Support Files/Pods-WDSocialSDK/Pods-WDSocialSDK-resources.sh",
				"${PODS_ROOT}/WeiboSDK/libWeiboSDK/WeiboSDK.bundle",
			);
			name = "[CP] Copy Pods Resources";
			outputPaths = (
				"${TARGET_BUILD_DIR}/${UNLOCALIZED_RESOURCES_FOLDER_PATH}",
			);
			runOnlyForDeploymentPostprocessing = 0;
			shellPath = /bin/sh;
			shellScript = "\"${SRCROOT}/Pods/Target Support Files/Pods-WDSocialSDK/Pods-WDSocialSDK-resources.sh\"\n";
			showEnvVarsInLog = 0;
		};
		92E348AE490928FD41204888 /* [CP] Check Pods Manifest.lock */ = {
			isa = PBXShellScriptBuildPhase;
			buildActionMask = 2147483647;
			files = (
			);
			inputPaths = (
				"${PODS_PODFILE_DIR_PATH}/Podfile.lock",
				"${PODS_ROOT}/Manifest.lock",
			);
			name = "[CP] Check Pods Manifest.lock";
			outputPaths = (
				"$(DERIVED_FILE_DIR)/Pods-WDSocialSDK-checkManifestLockResult.txt",
			);
			runOnlyForDeploymentPostprocessing = 0;
			shellPath = /bin/sh;
			shellScript = "diff \"${PODS_PODFILE_DIR_PATH}/Podfile.lock\" \"${PODS_ROOT}/Manifest.lock\" > /dev/null\nif [ $? != 0 ] ; then\n    # print error to STDERR\n    echo \"error: The sandbox is not in sync with the Podfile.lock. Run 'pod install' or update your CocoaPods installation.\" >&2\n    exit 1\nfi\n# This output is used by Xcode 'outputs' to avoid re-running this script phase.\necho \"SUCCESS\" > \"${SCRIPT_OUTPUT_FILE_0}\"\n";
			showEnvVarsInLog = 0;
		};
		ADB43E30EE77A1CEAFA2CDDF /* [CP] Embed Pods Frameworks */ = {
			isa = PBXShellScriptBuildPhase;
			buildActionMask = 2147483647;
			files = (
			);
			inputPaths = (
			);
			name = "[CP] Embed Pods Frameworks";
			outputPaths = (
			);
			runOnlyForDeploymentPostprocessing = 0;
			shellPath = /bin/sh;
			shellScript = "\"${SRCROOT}/Pods/Target Support Files/Pods-WDSocialSDKExample/Pods-WDSocialSDKExample-frameworks.sh\"\n";
			showEnvVarsInLog = 0;
		};
/* End PBXShellScriptBuildPhase section */

/* Begin PBXSourcesBuildPhase section */
		B6326C521F1DA84D0074EA46 /* Sources */ = {
			isa = PBXSourcesBuildPhase;
			buildActionMask = 2147483647;
			files = (
				B6326C651F1DA86D0074EA46 /* WDSocialManager.m in Sources */,
			);
			runOnlyForDeploymentPostprocessing = 0;
		};
		B6326C691F1DA8C20074EA46 /* Sources */ = {
			isa = PBXSourcesBuildPhase;
			buildActionMask = 2147483647;
			files = (
				B6326C771F1DA8C20074EA46 /* ViewController.m in Sources */,
				B6326C741F1DA8C20074EA46 /* AppDelegate.m in Sources */,
				B6326C711F1DA8C20074EA46 /* main.m in Sources */,
			);
			runOnlyForDeploymentPostprocessing = 0;
		};
/* End PBXSourcesBuildPhase section */

/* Begin PBXVariantGroup section */
		B6326C781F1DA8C20074EA46 /* Main.storyboard */ = {
			isa = PBXVariantGroup;
			children = (
				B6326C791F1DA8C20074EA46 /* Base */,
			);
			name = Main.storyboard;
			sourceTree = "<group>";
		};
		B6326C7D1F1DA8C20074EA46 /* LaunchScreen.storyboard */ = {
			isa = PBXVariantGroup;
			children = (
				B6326C7E1F1DA8C20074EA46 /* Base */,
			);
			name = LaunchScreen.storyboard;
			sourceTree = "<group>";
		};
/* End PBXVariantGroup section */

/* Begin XCBuildConfiguration section */
		B6326C5D1F1DA84D0074EA46 /* Debug */ = {
			isa = XCBuildConfiguration;
			buildSettings = {
				ALWAYS_SEARCH_USER_PATHS = NO;
				CLANG_ANALYZER_NONNULL = YES;
				CLANG_ANALYZER_NUMBER_OBJECT_CONVERSION = YES_AGGRESSIVE;
				CLANG_CXX_LANGUAGE_STANDARD = "gnu++0x";
				CLANG_CXX_LIBRARY = "libc++";
				CLANG_ENABLE_MODULES = YES;
				CLANG_ENABLE_OBJC_ARC = YES;
				CLANG_WARN_BOOL_CONVERSION = YES;
				CLANG_WARN_CONSTANT_CONVERSION = YES;
				CLANG_WARN_DIRECT_OBJC_ISA_USAGE = YES_ERROR;
				CLANG_WARN_DOCUMENTATION_COMMENTS = YES;
				CLANG_WARN_EMPTY_BODY = YES;
				CLANG_WARN_ENUM_CONVERSION = YES;
				CLANG_WARN_INFINITE_RECURSION = YES;
				CLANG_WARN_INT_CONVERSION = YES;
				CLANG_WARN_OBJC_ROOT_CLASS = YES_ERROR;
				CLANG_WARN_SUSPICIOUS_MOVE = YES;
				CLANG_WARN_UNREACHABLE_CODE = YES;
				CLANG_WARN__DUPLICATE_METHOD_MATCH = YES;
				"CODE_SIGN_IDENTITY[sdk=iphoneos*]" = "iPhone Developer";
				COPY_PHASE_STRIP = NO;
				CURRENT_PROJECT_VERSION = 1;
				DEBUG_INFORMATION_FORMAT = dwarf;
				ENABLE_STRICT_OBJC_MSGSEND = YES;
				ENABLE_TESTABILITY = YES;
				GCC_C_LANGUAGE_STANDARD = gnu99;
				GCC_DYNAMIC_NO_PIC = NO;
				GCC_NO_COMMON_BLOCKS = YES;
				GCC_OPTIMIZATION_LEVEL = 0;
				GCC_PREPROCESSOR_DEFINITIONS = (
					"DEBUG=1",
					"$(inherited)",
				);
				GCC_WARN_64_TO_32_BIT_CONVERSION = YES;
				GCC_WARN_ABOUT_RETURN_TYPE = YES_ERROR;
				GCC_WARN_UNDECLARED_SELECTOR = YES;
				GCC_WARN_UNINITIALIZED_AUTOS = YES_AGGRESSIVE;
				GCC_WARN_UNUSED_FUNCTION = YES;
				GCC_WARN_UNUSED_VARIABLE = YES;
				IPHONEOS_DEPLOYMENT_TARGET = 10.3;
				MTL_ENABLE_DEBUG_INFO = YES;
				ONLY_ACTIVE_ARCH = YES;
				SDKROOT = iphoneos;
				TARGETED_DEVICE_FAMILY = "1,2";
				VERSIONING_SYSTEM = "apple-generic";
				VERSION_INFO_PREFIX = "";
			};
			name = Debug;
		};
		B6326C5E1F1DA84D0074EA46 /* Release */ = {
			isa = XCBuildConfiguration;
			buildSettings = {
				ALWAYS_SEARCH_USER_PATHS = NO;
				CLANG_ANALYZER_NONNULL = YES;
				CLANG_ANALYZER_NUMBER_OBJECT_CONVERSION = YES_AGGRESSIVE;
				CLANG_CXX_LANGUAGE_STANDARD = "gnu++0x";
				CLANG_CXX_LIBRARY = "libc++";
				CLANG_ENABLE_MODULES = YES;
				CLANG_ENABLE_OBJC_ARC = YES;
				CLANG_WARN_BOOL_CONVERSION = YES;
				CLANG_WARN_CONSTANT_CONVERSION = YES;
				CLANG_WARN_DIRECT_OBJC_ISA_USAGE = YES_ERROR;
				CLANG_WARN_DOCUMENTATION_COMMENTS = YES;
				CLANG_WARN_EMPTY_BODY = YES;
				CLANG_WARN_ENUM_CONVERSION = YES;
				CLANG_WARN_INFINITE_RECURSION = YES;
				CLANG_WARN_INT_CONVERSION = YES;
				CLANG_WARN_OBJC_ROOT_CLASS = YES_ERROR;
				CLANG_WARN_SUSPICIOUS_MOVE = YES;
				CLANG_WARN_UNREACHABLE_CODE = YES;
				CLANG_WARN__DUPLICATE_METHOD_MATCH = YES;
				"CODE_SIGN_IDENTITY[sdk=iphoneos*]" = "iPhone Developer";
				COPY_PHASE_STRIP = NO;
				CURRENT_PROJECT_VERSION = 1;
				DEBUG_INFORMATION_FORMAT = "dwarf-with-dsym";
				ENABLE_NS_ASSERTIONS = NO;
				ENABLE_STRICT_OBJC_MSGSEND = YES;
				GCC_C_LANGUAGE_STANDARD = gnu99;
				GCC_NO_COMMON_BLOCKS = YES;
				GCC_WARN_64_TO_32_BIT_CONVERSION = YES;
				GCC_WARN_ABOUT_RETURN_TYPE = YES_ERROR;
				GCC_WARN_UNDECLARED_SELECTOR = YES;
				GCC_WARN_UNINITIALIZED_AUTOS = YES_AGGRESSIVE;
				GCC_WARN_UNUSED_FUNCTION = YES;
				GCC_WARN_UNUSED_VARIABLE = YES;
				IPHONEOS_DEPLOYMENT_TARGET = 10.3;
				MTL_ENABLE_DEBUG_INFO = NO;
				SDKROOT = iphoneos;
				TARGETED_DEVICE_FAMILY = "1,2";
				VALIDATE_PRODUCT = YES;
				VERSIONING_SYSTEM = "apple-generic";
				VERSION_INFO_PREFIX = "";
			};
			name = Release;
		};
		B6326C601F1DA84D0074EA46 /* Debug */ = {
			isa = XCBuildConfiguration;
			baseConfigurationReference = AE23BB1238283B918D375977 /* Pods-WDSocialSDK.debug.xcconfig */;
			buildSettings = {
				CODE_SIGN_IDENTITY = "";
				DEFINES_MODULE = YES;
				DYLIB_COMPATIBILITY_VERSION = 1;
				DYLIB_CURRENT_VERSION = 1;
				DYLIB_INSTALL_NAME_BASE = "@rpath";
				FRAMEWORK_SEARCH_PATHS = (
					"$(inherited)",
					"$(PROJECT_DIR)/WDSocialSDK/TencentOpenAPI",
					"$(PROJECT_DIR)/WDSocialSDK/SDK/Tencent3.2.3",
				);
				INFOPLIST_FILE = WDSocialSDK/Info.plist;
				INSTALL_PATH = "$(LOCAL_LIBRARY_DIR)/Frameworks";
				LD_RUNPATH_SEARCH_PATHS = "$(inherited) @executable_path/Frameworks @loader_path/Frameworks";
				LIBRARY_SEARCH_PATHS = (
					"$(inherited)",
					"$(PROJECT_DIR)/WDSocialSDK/libWeiboSDK",
					"$(PROJECT_DIR)/WDSocialSDK/SDK/Wechat1.7.8",
					"$(PROJECT_DIR)/WDSocialSDK/SDK/Weibo3.2.0",
				);
				PRODUCT_BUNDLE_IDENTIFIER = cn.coderhe.WDSocialSDK;
				PRODUCT_NAME = "$(TARGET_NAME)";
				SKIP_INSTALL = YES;
			};
			name = Debug;
		};
		B6326C611F1DA84D0074EA46 /* Release */ = {
			isa = XCBuildConfiguration;
			baseConfigurationReference = 71D77CCA16F998A8C5FB5BDA /* Pods-WDSocialSDK.release.xcconfig */;
			buildSettings = {
				CODE_SIGN_IDENTITY = "";
				DEFINES_MODULE = YES;
				DYLIB_COMPATIBILITY_VERSION = 1;
				DYLIB_CURRENT_VERSION = 1;
				DYLIB_INSTALL_NAME_BASE = "@rpath";
				FRAMEWORK_SEARCH_PATHS = (
					"$(inherited)",
					"$(PROJECT_DIR)/WDSocialSDK/TencentOpenAPI",
					"$(PROJECT_DIR)/WDSocialSDK/SDK/Tencent3.2.3",
				);
				INFOPLIST_FILE = WDSocialSDK/Info.plist;
				INSTALL_PATH = "$(LOCAL_LIBRARY_DIR)/Frameworks";
				LD_RUNPATH_SEARCH_PATHS = "$(inherited) @executable_path/Frameworks @loader_path/Frameworks";
				LIBRARY_SEARCH_PATHS = (
					"$(inherited)",
					"$(PROJECT_DIR)/WDSocialSDK/libWeiboSDK",
					"$(PROJECT_DIR)/WDSocialSDK/SDK/Wechat1.7.8",
					"$(PROJECT_DIR)/WDSocialSDK/SDK/Weibo3.2.0",
				);
				PRODUCT_BUNDLE_IDENTIFIER = cn.coderhe.WDSocialSDK;
				PRODUCT_NAME = "$(TARGET_NAME)";
				SKIP_INSTALL = YES;
			};
			name = Release;
		};
		B6326C821F1DA8C20074EA46 /* Debug */ = {
			isa = XCBuildConfiguration;
			baseConfigurationReference = 5EDEAF64074E0785D98E3025 /* Pods-WDSocialSDKExample.debug.xcconfig */;
			buildSettings = {
				ASSETCATALOG_COMPILER_APPICON_NAME = AppIcon;
				INFOPLIST_FILE = WDSocialSDKExample/Info.plist;
				LD_RUNPATH_SEARCH_PATHS = "$(inherited) @executable_path/Frameworks";
				PRODUCT_BUNDLE_IDENTIFIER = cn.coderhe.WDSocialSDKExample;
				PRODUCT_NAME = "$(TARGET_NAME)";
			};
			name = Debug;
		};
		B6326C831F1DA8C20074EA46 /* Release */ = {
			isa = XCBuildConfiguration;
			baseConfigurationReference = 0D218CD2F61E68EAC253FC86 /* Pods-WDSocialSDKExample.release.xcconfig */;
			buildSettings = {
				ASSETCATALOG_COMPILER_APPICON_NAME = AppIcon;
				INFOPLIST_FILE = WDSocialSDKExample/Info.plist;
				LD_RUNPATH_SEARCH_PATHS = "$(inherited) @executable_path/Frameworks";
				PRODUCT_BUNDLE_IDENTIFIER = cn.coderhe.WDSocialSDKExample;
				PRODUCT_NAME = "$(TARGET_NAME)";
			};
			name = Release;
		};
/* End XCBuildConfiguration section */

/* Begin XCConfigurationList section */
		B6326C511F1DA84D0074EA46 /* Build configuration list for PBXProject "WDSocialSDK" */ = {
			isa = XCConfigurationList;
			buildConfigurations = (
				B6326C5D1F1DA84D0074EA46 /* Debug */,
				B6326C5E1F1DA84D0074EA46 /* Release */,
			);
			defaultConfigurationIsVisible = 0;
			defaultConfigurationName = Release;
		};
		B6326C5F1F1DA84D0074EA46 /* Build configuration list for PBXNativeTarget "WDSocialSDK" */ = {
			isa = XCConfigurationList;
			buildConfigurations = (
				B6326C601F1DA84D0074EA46 /* Debug */,
				B6326C611F1DA84D0074EA46 /* Release */,
			);
			defaultConfigurationIsVisible = 0;
			defaultConfigurationName = Release;
		};
		B6326C811F1DA8C20074EA46 /* Build configuration list for PBXNativeTarget "WDSocialSDKExample" */ = {
			isa = XCConfigurationList;
			buildConfigurations = (
				B6326C821F1DA8C20074EA46 /* Debug */,
				B6326C831F1DA8C20074EA46 /* Release */,
			);
			defaultConfigurationIsVisible = 0;
			defaultConfigurationName = Release;
		};
/* End XCConfigurationList section */
	};
	rootObject = B6326C4E1F1DA84D0074EA46 /* Project object */;
}
