PODS:
  - WDSocialSDK (0.0.2):
    - WDSocialSDK/Wechat1.7.8 (= 0.0.2)
    - WDSocialSDK/Weibo3.2.0 (= 0.0.2)
  - WDSocialSDK/Wechat1.7.8 (0.0.2)
  - WDSocialSDK/Weibo3.2.0 (0.0.2)

DEPENDENCIES:
  - WDSocialSDK

SPEC CHECKSUMS:
  WDSocialSDK: cc409f33d5332c29c36e2468daacf7b1291f5d67

PODFILE CHECKSUM: 133677711df31b94fd1fafd273dfa8843a1f10f2

COCOAPODS: 1.3.0.beta.2
